
Microsoft Visual Studio Solution File, Format Version 12.00
# Visual Studio 2013
VisualStudioVersion = 12.0.31101.0
MinimumVisualStudioVersion = 10.0.40219.1
Project("{FAE04EC0-301F-11D3-BF4B-00C04F79EFBC}") = "Yogyakarta Effective Route", "Yogyakarta Effective Route\Yogyakarta Effective Route.csproj", "{15AFAA45-7A17-4BEF-8B16-08D9D46EDFDE}"
EndProject
Global
	GlobalSection(SolutionConfigurationPlatforms) = preSolution
		Debug|Any CPU = Debug|Any CPU
		Release|Any CPU = Release|Any CPU
	EndGlobalSection
	GlobalSection(ProjectConfigurationPlatforms) = postSolution
		{15AFAA45-7A17-4BEF-8B16-08D9D46EDFDE}.Debug|Any CPU.ActiveCfg = Debug|Any CPU
		{15AFAA45-7A17-4BEF-8B16-08D9D46EDFDE}.Debug|Any CPU.Build.0 = Debug|Any CPU
		{15AFAA45-7A17-4BEF-8B16-08D9D46EDFDE}.Release|Any CPU.ActiveCfg = Release|Any CPU
		{15AFAA45-7A17-4BEF-8B16-08D9D46EDFDE}.Release|Any CPU.Build.0 = Release|Any CPU
	EndGlobalSection
	GlobalSection(SolutionProperties) = preSolution
		HideSolutionNode = FALSE
	EndGlobalSection
EndGlobal
